<?xml version="1.0" encoding="utf-8"?>
<Project ToolsVersion="4.0" xmlns="http://schemas.microsoft.com/developer/msbuild/2003">
  <ItemGroup>
    <Filter Include="Source Files">
      <UniqueIdentifier>{4FC737F1-C7A5-4376-A066-2A32D752A2FF}</UniqueIdentifier>
      <Extensions>cpp;c;cc;cxx;def;odl;idl;hpj;bat;asm;asmx</Extensions>
    </Filter>
    <Filter Include="Header Files">
      <UniqueIdentifier>{93995380-89BD-4b04-88EB-625FBE52EBFB}</UniqueIdentifier>
      <Extensions>h;hpp;hxx;hm;inl;inc;xsd</Extensions>
    </Filter>
    <Filter Include="Resource Files">
      <UniqueIdentifier>{67DA6AB6-F800-4c08-8B7A-83BB121AAD01}</UniqueIdentifier>
      <Extensions>rc;ico;cur;bmp;dlg;rc2;rct;bin;rgs;gif;jpg;jpeg;jpe;resx;tiff;tif;png;wav;mfcribbon-ms</Extensions>
    </Filter>
    <Filter Include="Driver Files">
      <UniqueIdentifier>{8E41214B-6785-4CFE-B992-037D68949A14}</UniqueIdentifier>
      <Extensions>inf;inv;inx;mof;mc;</Extensions>
    </Filter>
    <Filter Include="Header Files\detections">
      <UniqueIdentifier>{2c8091e5-15c8-4e6b-a2dc-5fc9cda9e660}</UniqueIdentifier>
    </Filter>
    <Filter Include="Source Files\detections">
      <UniqueIdentifier>{0e20f1be-0411-4013-b52d-c45e8045bbc4}</UniqueIdentifier>
    </Filter>
    <Filter Include="Source Files\ds">
      <UniqueIdentifier>{7f4330fd-dfd8-41ec-aa6f-796fc1c04649}</UniqueIdentifier>
    </Filter>
    <Filter Include="Header Files\ds">
      <UniqueIdentifier>{e1d70993-4a18-4dd3-bea0-90a781d63643}</UniqueIdentifier>
    </Filter>
  </ItemGroup>
  <ItemGroup>
    <Inf Include="hydct.inf">
      <Filter>Driver Files</Filter>
    </Inf>
  </ItemGroup>
  <ItemGroup>
    <ClCompile Include="main.c">
      <Filter>Source Files</Filter>
    </ClCompile>
    <ClCompile Include="ioctl.c">
      <Filter>Source Files</Filter>
    </ClCompile>
    <ClCompile Include="d_rdtsc.c">
      <Filter>Source Files\detections</Filter>
    </ClCompile>
    <ClCompile Include="dspq.c">
      <Filter>Source Files\ds</Filter>
    </ClCompile>
    <ClCompile Include="d_gmsrw.c">
      <Filter>Source Files\detections</Filter>
    </ClCompile>
  </ItemGroup>
  <ItemGroup>
    <ClInclude Include="utils.h">
      <Filter>Header Files</Filter>
    </ClInclude>
    <ClInclude Include="ioctl.h">
      <Filter>Header Files</Filter>
    </ClInclude>
    <ClInclude Include="global.h">
      <Filter>Header Files</Filter>
    </ClInclude>
    <ClInclude Include="d_rdtsc.h">
      <Filter>Header Files\detections</Filter>
    </ClInclude>
    <ClInclude Include="dspq.h">
      <Filter>Header Files\ds</Filter>
    </ClInclude>
    <ClInclude Include="d_gmsrw.h">
      <Filter>Header Files\detections</Filter>
    </ClInclude>
  </ItemGroup>
</Project>